
Microsoft Visual Studio Solution File, Format Version 12.00
# Visual Studio Version 17
VisualStudioVersion = 17.12.35527.113
MinimumVisualStudioVersion = 10.0.40219.1
Project("{FAE04EC0-301F-11D3-BF4B-00C04F79EFBC}") = "Host.WebApi", "Host.WebApi\Host.WebApi.csproj", "{A6EDD15C-D36B-48A9-9501-E8F2FD5E38A0}"
EndProject
Project("{FAE04EC0-301F-11D3-BF4B-00C04F79EFBC}") = "Domain", "Domain\Domain.csproj", "{B1E4BC78-33C8-4DA3-8259-9F16CC025BDF}"
EndProject
Project("{FAE04EC0-301F-11D3-BF4B-00C04F79EFBC}") = "Core", "Core\Core.csproj", "{B4621EFA-AAA5-4D82-9E71-13BEB83B49BE}"
EndProject
Project("{FAE04EC0-301F-11D3-BF4B-00C04F79EFBC}") = "DL", "DL\DL.csproj", "{D20883BE-B527-40CB-B973-EAB928C6D3B4}"
EndProject
Project("{FAE04EC0-301F-11D3-BF4B-00C04F79EFBC}") = "DL.SqlServer", "DL.SqlServer\DL.SqlServer.csproj", "{A90A868B-D588-4B96-B28E-CC1D5AE3ED43}"
EndProject
Global
	GlobalSection(SolutionConfigurationPlatforms) = preSolution
		Debug|Any CPU = Debug|Any CPU
		Release|Any CPU = Release|Any CPU
	EndGlobalSection
	GlobalSection(ProjectConfigurationPlatforms) = postSolution
		{A6EDD15C-D36B-48A9-9501-E8F2FD5E38A0}.Debug|Any CPU.ActiveCfg = Debug|Any CPU
		{A6EDD15C-D36B-48A9-9501-E8F2FD5E38A0}.Debug|Any CPU.Build.0 = Debug|Any CPU
		{A6EDD15C-D36B-48A9-9501-E8F2FD5E38A0}.Release|Any CPU.ActiveCfg = Release|Any CPU
		{A6EDD15C-D36B-48A9-9501-E8F2FD5E38A0}.Release|Any CPU.Build.0 = Release|Any CPU
		{B1E4BC78-33C8-4DA3-8259-9F16CC025BDF}.Debug|Any CPU.ActiveCfg = Debug|Any CPU
		{B1E4BC78-33C8-4DA3-8259-9F16CC025BDF}.Debug|Any CPU.Build.0 = Debug|Any CPU
		{B1E4BC78-33C8-4DA3-8259-9F16CC025BDF}.Release|Any CPU.ActiveCfg = Release|Any CPU
		{B1E4BC78-33C8-4DA3-8259-9F16CC025BDF}.Release|Any CPU.Build.0 = Release|Any CPU
		{B4621EFA-AAA5-4D82-9E71-13BEB83B49BE}.Debug|Any CPU.ActiveCfg = Debug|Any CPU
		{B4621EFA-AAA5-4D82-9E71-13BEB83B49BE}.Debug|Any CPU.Build.0 = Debug|Any CPU
		{B4621EFA-AAA5-4D82-9E71-13BEB83B49BE}.Release|Any CPU.ActiveCfg = Release|Any CPU
		{B4621EFA-AAA5-4D82-9E71-13BEB83B49BE}.Release|Any CPU.Build.0 = Release|Any CPU
		{D20883BE-B527-40CB-B973-EAB928C6D3B4}.Debug|Any CPU.ActiveCfg = Debug|Any CPU
		{D20883BE-B527-40CB-B973-EAB928C6D3B4}.Debug|Any CPU.Build.0 = Debug|Any CPU
		{D20883BE-B527-40CB-B973-EAB928C6D3B4}.Release|Any CPU.ActiveCfg = Release|Any CPU
		{D20883BE-B527-40CB-B973-EAB928C6D3B4}.Release|Any CPU.Build.0 = Release|Any CPU
		{A90A868B-D588-4B96-B28E-CC1D5AE3ED43}.Debug|Any CPU.ActiveCfg = Debug|Any CPU
		{A90A868B-D588-4B96-B28E-CC1D5AE3ED43}.Debug|Any CPU.Build.0 = Debug|Any CPU
		{A90A868B-D588-4B96-B28E-CC1D5AE3ED43}.Release|Any CPU.ActiveCfg = Release|Any CPU
		{A90A868B-D588-4B96-B28E-CC1D5AE3ED43}.Release|Any CPU.Build.0 = Release|Any CPU
	EndGlobalSection
	GlobalSection(SolutionProperties) = preSolution
		HideSolutionNode = FALSE
	EndGlobalSection
EndGlobal
