
Microsoft Visual Studio Solution File, Format Version 12.00
# Visual Studio Version 17
VisualStudioVersion = 17.12.35527.113
MinimumVisualStudioVersion = 10.0.40219.1
Project("{FAE04EC0-301F-11D3-BF4B-00C04F79EFBC}") = "Host.WebApi", "Host.WebApi\Host.WebApi.csproj", "{A6EDD15C-D36B-48A9-9501-E8F2FD5E38A0}"
EndProject
Project("{2150E333-8FDC-42A3-9474-1A3956D46DE8}") = "_Shared", "_Shared", "{73C378D7-9262-46D8-A660-3E3499252A3D}"
EndProject
Project("{FAE04EC0-301F-11D3-BF4B-00C04F79EFBC}") = "Shared.Core", "Shared.Core\Shared.Core.csproj", "{7D807F9C-2BBB-4D4A-8DC7-EA9574AEDD65}"
EndProject
Project("{2150E333-8FDC-42A3-9474-1A3956D46DE8}") = "UserContext", "UserContext", "{1A9232B8-0474-4558-A12F-BD4BA739B5B5}"
EndProject
Project("{FAE04EC0-301F-11D3-BF4B-00C04F79EFBC}") = "UserContext.Domain", "UserContext.Core\UserContext.Domain.csproj", "{559D9BAB-BEBD-48B7-A883-A793C5C1BFDF}"
EndProject
Project("{FAE04EC0-301F-11D3-BF4B-00C04F79EFBC}") = "UserContext.DL", "UserContext.DL\UserContext.DL.csproj", "{AB444515-BA55-4326-9440-02391A192641}"
EndProject
Project("{FAE04EC0-301F-11D3-BF4B-00C04F79EFBC}") = "UserContext.DL.SqlServer", "UserContext.DL.SqlServer\UserContext.DL.SqlServer.csproj", "{6E51D72D-1AAE-4C36-BE19-C78B3A951B04}"
EndProject
Project("{FAE04EC0-301F-11D3-BF4B-00C04F79EFBC}") = "Shared.DL", "Shared.DL\Shared.DL.csproj", "{E7DE6BF7-568B-4BD8-8A3F-2ECCD205E31E}"
EndProject
Project("{FAE04EC0-301F-11D3-BF4B-00C04F79EFBC}") = "UserContext.UseCases", "UserContext.ApplicationServices\UserContext.UseCases.csproj", "{6A655456-E8C5-424B-A1E9-220D2D6DB3EA}"
EndProject
Project("{FAE04EC0-301F-11D3-BF4B-00C04F79EFBC}") = "UserContext.Contract", "UserContext.Contract\UserContext.Contract.csproj", "{CEC0C7DC-487F-4992-9FC3-423A6DD8D7CC}"
EndProject
Project("{FAE04EC0-301F-11D3-BF4B-00C04F79EFBC}") = "Shared.Contracts", "Shared.Contracts\Shared.Contracts.csproj", "{C97A556C-FAE7-4059-B050-4737311E1792}"
EndProject
Project("{2150E333-8FDC-42A3-9474-1A3956D46DE8}") = "BookContext", "BookContext", "{D832B9AF-94C0-4A62-BBB2-46C43944986B}"
EndProject
Project("{FAE04EC0-301F-11D3-BF4B-00C04F79EFBC}") = "BookContext.DL", "BookContext.DL\BookContext.DL.csproj", "{91949CDC-A1D2-4962-A609-AB90BC836ECE}"
EndProject
Project("{FAE04EC0-301F-11D3-BF4B-00C04F79EFBC}") = "BookContext.Contract", "BookContext.Contracts\BookContext.Contract.csproj", "{5D973B67-3443-4770-832E-C796D5F834FF}"
EndProject
Project("{FAE04EC0-301F-11D3-BF4B-00C04F79EFBC}") = "BookContext.Domain", "BookContext.Domain\BookContext.Domain.csproj", "{AFAA0A44-95D0-4D8C-A05A-654A5482C164}"
EndProject
Project("{FAE04EC0-301F-11D3-BF4B-00C04F79EFBC}") = "BookContext.DL.SqlServer", "BookContext.DL.SqlServer\BookContext.DL.SqlServer.csproj", "{8B49F988-6BEA-41BD-835A-65584EA70B8B}"
EndProject
Project("{FAE04EC0-301F-11D3-BF4B-00C04F79EFBC}") = "BookContext.UseCases", "BookContext.UseCases\BookContext.UseCases.csproj", "{5B94B874-BA8E-4999-BEB8-E93071EA2DD3}"
EndProject
Project("{FAE04EC0-301F-11D3-BF4B-00C04F79EFBC}") = "BookContext.Application", "BookContext.Application\BookContext.Application.csproj", "{BE52B6D6-04EF-4549-94DF-DC102D038C26}"
EndProject
Project("{FAE04EC0-301F-11D3-BF4B-00C04F79EFBC}") = "BookContext.Tests", "BookContext.Tests\BookContext.Tests.csproj", "{0CA33B20-869C-405F-92D8-6675B17445BD}"
EndProject
Project("{FAE04EC0-301F-11D3-BF4B-00C04F79EFBC}") = "UserContext.Application", "UserContext.Application\UserContext.Application.csproj", "{1EF133A2-CB8C-425B-9358-6BE3F2EEA09A}"
EndProject
Project("{FAE04EC0-301F-11D3-BF4B-00C04F79EFBC}") = "Shared.Application", "Shared.Application\Shared.Application.csproj", "{FF7A0079-01F9-4785-A402-A120DC42483C}"
EndProject
Global
	GlobalSection(SolutionConfigurationPlatforms) = preSolution
		Debug|Any CPU = Debug|Any CPU
		Release|Any CPU = Release|Any CPU
	EndGlobalSection
	GlobalSection(ProjectConfigurationPlatforms) = postSolution
		{A6EDD15C-D36B-48A9-9501-E8F2FD5E38A0}.Debug|Any CPU.ActiveCfg = Debug|Any CPU
		{A6EDD15C-D36B-48A9-9501-E8F2FD5E38A0}.Debug|Any CPU.Build.0 = Debug|Any CPU
		{A6EDD15C-D36B-48A9-9501-E8F2FD5E38A0}.Release|Any CPU.ActiveCfg = Release|Any CPU
		{A6EDD15C-D36B-48A9-9501-E8F2FD5E38A0}.Release|Any CPU.Build.0 = Release|Any CPU
		{7D807F9C-2BBB-4D4A-8DC7-EA9574AEDD65}.Debug|Any CPU.ActiveCfg = Debug|Any CPU
		{7D807F9C-2BBB-4D4A-8DC7-EA9574AEDD65}.Debug|Any CPU.Build.0 = Debug|Any CPU
		{7D807F9C-2BBB-4D4A-8DC7-EA9574AEDD65}.Release|Any CPU.ActiveCfg = Release|Any CPU
		{7D807F9C-2BBB-4D4A-8DC7-EA9574AEDD65}.Release|Any CPU.Build.0 = Release|Any CPU
		{559D9BAB-BEBD-48B7-A883-A793C5C1BFDF}.Debug|Any CPU.ActiveCfg = Debug|Any CPU
		{559D9BAB-BEBD-48B7-A883-A793C5C1BFDF}.Debug|Any CPU.Build.0 = Debug|Any CPU
		{559D9BAB-BEBD-48B7-A883-A793C5C1BFDF}.Release|Any CPU.ActiveCfg = Release|Any CPU
		{559D9BAB-BEBD-48B7-A883-A793C5C1BFDF}.Release|Any CPU.Build.0 = Release|Any CPU
		{AB444515-BA55-4326-9440-02391A192641}.Debug|Any CPU.ActiveCfg = Debug|Any CPU
		{AB444515-BA55-4326-9440-02391A192641}.Debug|Any CPU.Build.0 = Debug|Any CPU
		{AB444515-BA55-4326-9440-02391A192641}.Release|Any CPU.ActiveCfg = Release|Any CPU
		{AB444515-BA55-4326-9440-02391A192641}.Release|Any CPU.Build.0 = Release|Any CPU
		{6E51D72D-1AAE-4C36-BE19-C78B3A951B04}.Debug|Any CPU.ActiveCfg = Debug|Any CPU
		{6E51D72D-1AAE-4C36-BE19-C78B3A951B04}.Debug|Any CPU.Build.0 = Debug|Any CPU
		{6E51D72D-1AAE-4C36-BE19-C78B3A951B04}.Release|Any CPU.ActiveCfg = Release|Any CPU
		{6E51D72D-1AAE-4C36-BE19-C78B3A951B04}.Release|Any CPU.Build.0 = Release|Any CPU
		{E7DE6BF7-568B-4BD8-8A3F-2ECCD205E31E}.Debug|Any CPU.ActiveCfg = Debug|Any CPU
		{E7DE6BF7-568B-4BD8-8A3F-2ECCD205E31E}.Debug|Any CPU.Build.0 = Debug|Any CPU
		{E7DE6BF7-568B-4BD8-8A3F-2ECCD205E31E}.Release|Any CPU.ActiveCfg = Release|Any CPU
		{E7DE6BF7-568B-4BD8-8A3F-2ECCD205E31E}.Release|Any CPU.Build.0 = Release|Any CPU
		{6A655456-E8C5-424B-A1E9-220D2D6DB3EA}.Debug|Any CPU.ActiveCfg = Debug|Any CPU
		{6A655456-E8C5-424B-A1E9-220D2D6DB3EA}.Debug|Any CPU.Build.0 = Debug|Any CPU
		{6A655456-E8C5-424B-A1E9-220D2D6DB3EA}.Release|Any CPU.ActiveCfg = Release|Any CPU
		{6A655456-E8C5-424B-A1E9-220D2D6DB3EA}.Release|Any CPU.Build.0 = Release|Any CPU
		{CEC0C7DC-487F-4992-9FC3-423A6DD8D7CC}.Debug|Any CPU.ActiveCfg = Debug|Any CPU
		{CEC0C7DC-487F-4992-9FC3-423A6DD8D7CC}.Debug|Any CPU.Build.0 = Debug|Any CPU
		{CEC0C7DC-487F-4992-9FC3-423A6DD8D7CC}.Release|Any CPU.ActiveCfg = Release|Any CPU
		{CEC0C7DC-487F-4992-9FC3-423A6DD8D7CC}.Release|Any CPU.Build.0 = Release|Any CPU
		{C97A556C-FAE7-4059-B050-4737311E1792}.Debug|Any CPU.ActiveCfg = Debug|Any CPU
		{C97A556C-FAE7-4059-B050-4737311E1792}.Debug|Any CPU.Build.0 = Debug|Any CPU
		{C97A556C-FAE7-4059-B050-4737311E1792}.Release|Any CPU.ActiveCfg = Release|Any CPU
		{C97A556C-FAE7-4059-B050-4737311E1792}.Release|Any CPU.Build.0 = Release|Any CPU
		{91949CDC-A1D2-4962-A609-AB90BC836ECE}.Debug|Any CPU.ActiveCfg = Debug|Any CPU
		{91949CDC-A1D2-4962-A609-AB90BC836ECE}.Debug|Any CPU.Build.0 = Debug|Any CPU
		{91949CDC-A1D2-4962-A609-AB90BC836ECE}.Release|Any CPU.ActiveCfg = Release|Any CPU
		{91949CDC-A1D2-4962-A609-AB90BC836ECE}.Release|Any CPU.Build.0 = Release|Any CPU
		{5D973B67-3443-4770-832E-C796D5F834FF}.Debug|Any CPU.ActiveCfg = Debug|Any CPU
		{5D973B67-3443-4770-832E-C796D5F834FF}.Debug|Any CPU.Build.0 = Debug|Any CPU
		{5D973B67-3443-4770-832E-C796D5F834FF}.Release|Any CPU.ActiveCfg = Release|Any CPU
		{5D973B67-3443-4770-832E-C796D5F834FF}.Release|Any CPU.Build.0 = Release|Any CPU
		{AFAA0A44-95D0-4D8C-A05A-654A5482C164}.Debug|Any CPU.ActiveCfg = Debug|Any CPU
		{AFAA0A44-95D0-4D8C-A05A-654A5482C164}.Debug|Any CPU.Build.0 = Debug|Any CPU
		{AFAA0A44-95D0-4D8C-A05A-654A5482C164}.Release|Any CPU.ActiveCfg = Release|Any CPU
		{AFAA0A44-95D0-4D8C-A05A-654A5482C164}.Release|Any CPU.Build.0 = Release|Any CPU
		{8B49F988-6BEA-41BD-835A-65584EA70B8B}.Debug|Any CPU.ActiveCfg = Debug|Any CPU
		{8B49F988-6BEA-41BD-835A-65584EA70B8B}.Debug|Any CPU.Build.0 = Debug|Any CPU
		{8B49F988-6BEA-41BD-835A-65584EA70B8B}.Release|Any CPU.ActiveCfg = Release|Any CPU
		{8B49F988-6BEA-41BD-835A-65584EA70B8B}.Release|Any CPU.Build.0 = Release|Any CPU
		{5B94B874-BA8E-4999-BEB8-E93071EA2DD3}.Debug|Any CPU.ActiveCfg = Debug|Any CPU
		{5B94B874-BA8E-4999-BEB8-E93071EA2DD3}.Debug|Any CPU.Build.0 = Debug|Any CPU
		{5B94B874-BA8E-4999-BEB8-E93071EA2DD3}.Release|Any CPU.ActiveCfg = Release|Any CPU
		{5B94B874-BA8E-4999-BEB8-E93071EA2DD3}.Release|Any CPU.Build.0 = Release|Any CPU
		{BE52B6D6-04EF-4549-94DF-DC102D038C26}.Debug|Any CPU.ActiveCfg = Debug|Any CPU
		{BE52B6D6-04EF-4549-94DF-DC102D038C26}.Debug|Any CPU.Build.0 = Debug|Any CPU
		{BE52B6D6-04EF-4549-94DF-DC102D038C26}.Release|Any CPU.ActiveCfg = Release|Any CPU
		{BE52B6D6-04EF-4549-94DF-DC102D038C26}.Release|Any CPU.Build.0 = Release|Any CPU
		{0CA33B20-869C-405F-92D8-6675B17445BD}.Debug|Any CPU.ActiveCfg = Debug|Any CPU
		{0CA33B20-869C-405F-92D8-6675B17445BD}.Debug|Any CPU.Build.0 = Debug|Any CPU
		{0CA33B20-869C-405F-92D8-6675B17445BD}.Release|Any CPU.ActiveCfg = Release|Any CPU
		{0CA33B20-869C-405F-92D8-6675B17445BD}.Release|Any CPU.Build.0 = Release|Any CPU
		{1EF133A2-CB8C-425B-9358-6BE3F2EEA09A}.Debug|Any CPU.ActiveCfg = Debug|Any CPU
		{1EF133A2-CB8C-425B-9358-6BE3F2EEA09A}.Debug|Any CPU.Build.0 = Debug|Any CPU
		{1EF133A2-CB8C-425B-9358-6BE3F2EEA09A}.Release|Any CPU.ActiveCfg = Release|Any CPU
		{1EF133A2-CB8C-425B-9358-6BE3F2EEA09A}.Release|Any CPU.Build.0 = Release|Any CPU
		{FF7A0079-01F9-4785-A402-A120DC42483C}.Debug|Any CPU.ActiveCfg = Debug|Any CPU
		{FF7A0079-01F9-4785-A402-A120DC42483C}.Debug|Any CPU.Build.0 = Debug|Any CPU
		{FF7A0079-01F9-4785-A402-A120DC42483C}.Release|Any CPU.ActiveCfg = Release|Any CPU
		{FF7A0079-01F9-4785-A402-A120DC42483C}.Release|Any CPU.Build.0 = Release|Any CPU
	EndGlobalSection
	GlobalSection(SolutionProperties) = preSolution
		HideSolutionNode = FALSE
	EndGlobalSection
	GlobalSection(NestedProjects) = preSolution
		{7D807F9C-2BBB-4D4A-8DC7-EA9574AEDD65} = {73C378D7-9262-46D8-A660-3E3499252A3D}
		{559D9BAB-BEBD-48B7-A883-A793C5C1BFDF} = {1A9232B8-0474-4558-A12F-BD4BA739B5B5}
		{AB444515-BA55-4326-9440-02391A192641} = {1A9232B8-0474-4558-A12F-BD4BA739B5B5}
		{6E51D72D-1AAE-4C36-BE19-C78B3A951B04} = {1A9232B8-0474-4558-A12F-BD4BA739B5B5}
		{E7DE6BF7-568B-4BD8-8A3F-2ECCD205E31E} = {73C378D7-9262-46D8-A660-3E3499252A3D}
		{6A655456-E8C5-424B-A1E9-220D2D6DB3EA} = {1A9232B8-0474-4558-A12F-BD4BA739B5B5}
		{CEC0C7DC-487F-4992-9FC3-423A6DD8D7CC} = {1A9232B8-0474-4558-A12F-BD4BA739B5B5}
		{C97A556C-FAE7-4059-B050-4737311E1792} = {73C378D7-9262-46D8-A660-3E3499252A3D}
		{91949CDC-A1D2-4962-A609-AB90BC836ECE} = {D832B9AF-94C0-4A62-BBB2-46C43944986B}
		{5D973B67-3443-4770-832E-C796D5F834FF} = {D832B9AF-94C0-4A62-BBB2-46C43944986B}
		{AFAA0A44-95D0-4D8C-A05A-654A5482C164} = {D832B9AF-94C0-4A62-BBB2-46C43944986B}
		{8B49F988-6BEA-41BD-835A-65584EA70B8B} = {D832B9AF-94C0-4A62-BBB2-46C43944986B}
		{5B94B874-BA8E-4999-BEB8-E93071EA2DD3} = {D832B9AF-94C0-4A62-BBB2-46C43944986B}
		{BE52B6D6-04EF-4549-94DF-DC102D038C26} = {D832B9AF-94C0-4A62-BBB2-46C43944986B}
		{0CA33B20-869C-405F-92D8-6675B17445BD} = {D832B9AF-94C0-4A62-BBB2-46C43944986B}
		{1EF133A2-CB8C-425B-9358-6BE3F2EEA09A} = {1A9232B8-0474-4558-A12F-BD4BA739B5B5}
		{FF7A0079-01F9-4785-A402-A120DC42483C} = {73C378D7-9262-46D8-A660-3E3499252A3D}
	EndGlobalSection
EndGlobal
