
Microsoft Visual Studio Solution File, Format Version 12.00
# Visual Studio Version 17
VisualStudioVersion = 17.12.35527.113
MinimumVisualStudioVersion = 10.0.40219.1
Project("{FAE04EC0-301F-11D3-BF4B-00C04F79EFBC}") = "Host.WebApi", "Host.WebApi\Host.WebApi.csproj", "{A6EDD15C-D36B-48A9-9501-E8F2FD5E38A0}"
EndProject
Project("{2150E333-8FDC-42A3-9474-1A3956D46DE8}") = "_Shared", "_Shared", "{73C378D7-9262-46D8-A660-3E3499252A3D}"
EndProject
Project("{FAE04EC0-301F-11D3-BF4B-00C04F79EFBC}") = "Shared.Core", "Shared.Core\Shared.Core.csproj", "{7D807F9C-2BBB-4D4A-8DC7-EA9574AEDD65}"
EndProject
Project("{2150E333-8FDC-42A3-9474-1A3956D46DE8}") = "UserContext", "UserContext", "{1A9232B8-0474-4558-A12F-BD4BA739B5B5}"
EndProject
Project("{FAE04EC0-301F-11D3-BF4B-00C04F79EFBC}") = "UserContext.Domain", "UserContext.Core\UserContext.Domain.csproj", "{559D9BAB-BEBD-48B7-A883-A793C5C1BFDF}"
EndProject
Project("{FAE04EC0-301F-11D3-BF4B-00C04F79EFBC}") = "UserContext.DL", "UserContext.DL\UserContext.DL.csproj", "{AB444515-BA55-4326-9440-02391A192641}"
EndProject
Project("{FAE04EC0-301F-11D3-BF4B-00C04F79EFBC}") = "UserContext.DL.SqlServer", "UserContext.DL.SqlServer\UserContext.DL.SqlServer.csproj", "{6E51D72D-1AAE-4C36-BE19-C78B3A951B04}"
EndProject
Project("{FAE04EC0-301F-11D3-BF4B-00C04F79EFBC}") = "Shared.DL", "Shared.DL\Shared.DL.csproj", "{E7DE6BF7-568B-4BD8-8A3F-2ECCD205E31E}"
EndProject
Project("{FAE04EC0-301F-11D3-BF4B-00C04F79EFBC}") = "UserContext.UseCases", "UserContext.ApplicationServices\UserContext.UseCases.csproj", "{6A655456-E8C5-424B-A1E9-220D2D6DB3EA}"
EndProject
Project("{FAE04EC0-301F-11D3-BF4B-00C04F79EFBC}") = "UserContext.Contract", "UserContext.Contract\UserContext.Contract.csproj", "{CEC0C7DC-487F-4992-9FC3-423A6DD8D7CC}"
EndProject
Project("{FAE04EC0-301F-11D3-BF4B-00C04F79EFBC}") = "Shared.Contracts", "Shared.Contracts\Shared.Contracts.csproj", "{C97A556C-FAE7-4059-B050-4737311E1792}"
EndProject
Project("{2150E333-8FDC-42A3-9474-1A3956D46DE8}") = "BookContext", "BookContext", "{D832B9AF-94C0-4A62-BBB2-46C43944986B}"
EndProject
Project("{FAE04EC0-301F-11D3-BF4B-00C04F79EFBC}") = "BookContext.Contract", "BookContext.Contracts\BookContext.Contract.csproj", "{5D973B67-3443-4770-832E-C796D5F834FF}"
EndProject
Project("{FAE04EC0-301F-11D3-BF4B-00C04F79EFBC}") = "BookContext.Domain", "BookContext.Domain\BookContext.Domain.csproj", "{AFAA0A44-95D0-4D8C-A05A-654A5482C164}"
EndProject
Project("{FAE04EC0-301F-11D3-BF4B-00C04F79EFBC}") = "BookContext.DL.SqlServer", "BookContext.DL.SqlServer\BookContext.DL.SqlServer.csproj", "{8B49F988-6BEA-41BD-835A-65584EA70B8B}"
EndProject
Project("{FAE04EC0-301F-11D3-BF4B-00C04F79EFBC}") = "BookContext.UseCases", "BookContext.UseCases\BookContext.UseCases.csproj", "{5B94B874-BA8E-4999-BEB8-E93071EA2DD3}"
EndProject
Project("{FAE04EC0-301F-11D3-BF4B-00C04F79EFBC}") = "BookContext.Application", "BookContext.Application\BookContext.Application.csproj", "{BE52B6D6-04EF-4549-94DF-DC102D038C26}"
EndProject
Project("{FAE04EC0-301F-11D3-BF4B-00C04F79EFBC}") = "BookContext.Tests", "BookContext.Tests\BookContext.Tests.csproj", "{0CA33B20-869C-405F-92D8-6675B17445BD}"
EndProject
Project("{FAE04EC0-301F-11D3-BF4B-00C04F79EFBC}") = "UserContext.Application", "UserContext.Application\UserContext.Application.csproj", "{1EF133A2-CB8C-425B-9358-6BE3F2EEA09A}"
EndProject
Project("{FAE04EC0-301F-11D3-BF4B-00C04F79EFBC}") = "Shared.Application", "Shared.Application\Shared.Application.csproj", "{FF7A0079-01F9-4785-A402-A120DC42483C}"
EndProject
Project("{2150E333-8FDC-42A3-9474-1A3956D46DE8}") = "ShelfContext", "ShelfContext", "{785DA472-B697-46AB-BF31-795635AD824C}"
EndProject
Project("{FAE04EC0-301F-11D3-BF4B-00C04F79EFBC}") = "ShelfContext.Domain", "ShelfContext.Domain\ShelfContext.Domain.csproj", "{E12C9E51-A86A-478D-9BBA-5EF653875F24}"
EndProject
Project("{FAE04EC0-301F-11D3-BF4B-00C04F79EFBC}") = "ShelfContext.DL.SqlServer", "ShelfContext.DL.SqlServer\ShelfContext.DL.SqlServer.csproj", "{AF17BF5A-8848-4205-8D31-7FFF73744FC3}"
EndProject
Project("{FAE04EC0-301F-11D3-BF4B-00C04F79EFBC}") = "ShelfContext.Contract", "ShelfContext.Contract\ShelfContext.Contract.csproj", "{566F64A4-5C4A-4DB5-9938-9949D77CEF01}"
EndProject
Project("{FAE04EC0-301F-11D3-BF4B-00C04F79EFBC}") = "ShelfContext.UseCases", "ShelfContext.UseCases\ShelfContext.UseCases.csproj", "{E1A4AA1C-22B6-4DE0-ACF2-27CA0E797688}"
EndProject
Project("{FAE04EC0-301F-11D3-BF4B-00C04F79EFBC}") = "ShelfContext.Application", "ShelfContext.Application\ShelfContext.Application.csproj", "{286A6B47-4FC1-4B14-A3FD-5299D3A952F2}"
EndProject
Project("{FAE04EC0-301F-11D3-BF4B-00C04F79EFBC}") = "ShelfContext.Tests", "ShelfContext.Tests\ShelfContext.Tests.csproj", "{09D8696C-ABA2-4FF3-A9EE-16E80F29C22C}"
EndProject
Project("{FAE04EC0-301F-11D3-BF4B-00C04F79EFBC}") = "Shared.Tests", "Shared.Tests\Shared.Tests.csproj", "{C1E6839B-78B5-4846-8C0E-2DCF306F1C30}"
EndProject
Project("{FAE04EC0-301F-11D3-BF4B-00C04F79EFBC}") = "ShelfContext.DL.Read", "ShelfContext.DL.Read\ShelfContext.DL.Read.csproj", "{644D3772-3EFC-45E6-ABFF-612D1DE85A8B}"
EndProject
Project("{FAE04EC0-301F-11D3-BF4B-00C04F79EFBC}") = "BookContext.DL.Read", "BookContext.DL.Read\BookContext.DL.Read.csproj", "{441AA1A5-EB3E-46D3-B365-B1E584E7B6DF}"
EndProject
Project("{2150E333-8FDC-42A3-9474-1A3956D46DE8}") = "IdentityContext", "IdentityContext", "{F857FFC9-E442-4B02-A93C-183A0856B3A8}"
EndProject
Project("{FAE04EC0-301F-11D3-BF4B-00C04F79EFBC}") = "IdentityContext.DL", "IdentityContext.DL\IdentityContext.DL.csproj", "{B949D504-FEE4-48C0-A3C9-96B6CA344C73}"
EndProject
Project("{FAE04EC0-301F-11D3-BF4B-00C04F79EFBC}") = "IdentityContext.Application", "Identity.Application\IdentityContext.Application.csproj", "{4B560D0F-56FD-4B66-9183-36EE63B6CEF9}"
EndProject
Project("{FAE04EC0-301F-11D3-BF4B-00C04F79EFBC}") = "IdentityContext.Contracts", "Identity.Contracts\IdentityContext.Contracts.csproj", "{63479191-8E21-433E-A255-B9CE06D762E6}"
EndProject
Project("{2150E333-8FDC-42A3-9474-1A3956D46DE8}") = "Composition", "Composition", "{7503A476-1F3F-4813-BCD2-8C4340677476}"
EndProject
Project("{FAE04EC0-301F-11D3-BF4B-00C04F79EFBC}") = "Composition.Contract", "Composition.Contract\Composition.Contract.csproj", "{423A677A-E5B3-4AE6-9D05-CFEC08336DE7}"
EndProject
Project("{FAE04EC0-301F-11D3-BF4B-00C04F79EFBC}") = "Composition.Application", "Composition.Application\Composition.Application.csproj", "{9AFAF050-EC48-4D91-BDB2-C51607B3BB5E}"
EndProject
Project("{FAE04EC0-301F-11D3-BF4B-00C04F79EFBC}") = "BookContext.Integration", "BookContext.Integration\BookContext.Integration.csproj", "{2342CADE-E3C0-4858-9114-BE69C92FCB34}"
EndProject
Global
	GlobalSection(SolutionConfigurationPlatforms) = preSolution
		Debug|Any CPU = Debug|Any CPU
		Release|Any CPU = Release|Any CPU
	EndGlobalSection
	GlobalSection(ProjectConfigurationPlatforms) = postSolution
		{A6EDD15C-D36B-48A9-9501-E8F2FD5E38A0}.Debug|Any CPU.ActiveCfg = Debug|Any CPU
		{A6EDD15C-D36B-48A9-9501-E8F2FD5E38A0}.Debug|Any CPU.Build.0 = Debug|Any CPU
		{A6EDD15C-D36B-48A9-9501-E8F2FD5E38A0}.Release|Any CPU.ActiveCfg = Release|Any CPU
		{A6EDD15C-D36B-48A9-9501-E8F2FD5E38A0}.Release|Any CPU.Build.0 = Release|Any CPU
		{7D807F9C-2BBB-4D4A-8DC7-EA9574AEDD65}.Debug|Any CPU.ActiveCfg = Debug|Any CPU
		{7D807F9C-2BBB-4D4A-8DC7-EA9574AEDD65}.Debug|Any CPU.Build.0 = Debug|Any CPU
		{7D807F9C-2BBB-4D4A-8DC7-EA9574AEDD65}.Release|Any CPU.ActiveCfg = Release|Any CPU
		{7D807F9C-2BBB-4D4A-8DC7-EA9574AEDD65}.Release|Any CPU.Build.0 = Release|Any CPU
		{559D9BAB-BEBD-48B7-A883-A793C5C1BFDF}.Debug|Any CPU.ActiveCfg = Debug|Any CPU
		{559D9BAB-BEBD-48B7-A883-A793C5C1BFDF}.Debug|Any CPU.Build.0 = Debug|Any CPU
		{559D9BAB-BEBD-48B7-A883-A793C5C1BFDF}.Release|Any CPU.ActiveCfg = Release|Any CPU
		{559D9BAB-BEBD-48B7-A883-A793C5C1BFDF}.Release|Any CPU.Build.0 = Release|Any CPU
		{AB444515-BA55-4326-9440-02391A192641}.Debug|Any CPU.ActiveCfg = Debug|Any CPU
		{AB444515-BA55-4326-9440-02391A192641}.Debug|Any CPU.Build.0 = Debug|Any CPU
		{AB444515-BA55-4326-9440-02391A192641}.Release|Any CPU.ActiveCfg = Release|Any CPU
		{AB444515-BA55-4326-9440-02391A192641}.Release|Any CPU.Build.0 = Release|Any CPU
		{6E51D72D-1AAE-4C36-BE19-C78B3A951B04}.Debug|Any CPU.ActiveCfg = Debug|Any CPU
		{6E51D72D-1AAE-4C36-BE19-C78B3A951B04}.Debug|Any CPU.Build.0 = Debug|Any CPU
		{6E51D72D-1AAE-4C36-BE19-C78B3A951B04}.Release|Any CPU.ActiveCfg = Release|Any CPU
		{6E51D72D-1AAE-4C36-BE19-C78B3A951B04}.Release|Any CPU.Build.0 = Release|Any CPU
		{E7DE6BF7-568B-4BD8-8A3F-2ECCD205E31E}.Debug|Any CPU.ActiveCfg = Debug|Any CPU
		{E7DE6BF7-568B-4BD8-8A3F-2ECCD205E31E}.Debug|Any CPU.Build.0 = Debug|Any CPU
		{E7DE6BF7-568B-4BD8-8A3F-2ECCD205E31E}.Release|Any CPU.ActiveCfg = Release|Any CPU
		{E7DE6BF7-568B-4BD8-8A3F-2ECCD205E31E}.Release|Any CPU.Build.0 = Release|Any CPU
		{6A655456-E8C5-424B-A1E9-220D2D6DB3EA}.Debug|Any CPU.ActiveCfg = Debug|Any CPU
		{6A655456-E8C5-424B-A1E9-220D2D6DB3EA}.Debug|Any CPU.Build.0 = Debug|Any CPU
		{6A655456-E8C5-424B-A1E9-220D2D6DB3EA}.Release|Any CPU.ActiveCfg = Release|Any CPU
		{6A655456-E8C5-424B-A1E9-220D2D6DB3EA}.Release|Any CPU.Build.0 = Release|Any CPU
		{CEC0C7DC-487F-4992-9FC3-423A6DD8D7CC}.Debug|Any CPU.ActiveCfg = Debug|Any CPU
		{CEC0C7DC-487F-4992-9FC3-423A6DD8D7CC}.Debug|Any CPU.Build.0 = Debug|Any CPU
		{CEC0C7DC-487F-4992-9FC3-423A6DD8D7CC}.Release|Any CPU.ActiveCfg = Release|Any CPU
		{CEC0C7DC-487F-4992-9FC3-423A6DD8D7CC}.Release|Any CPU.Build.0 = Release|Any CPU
		{C97A556C-FAE7-4059-B050-4737311E1792}.Debug|Any CPU.ActiveCfg = Debug|Any CPU
		{C97A556C-FAE7-4059-B050-4737311E1792}.Debug|Any CPU.Build.0 = Debug|Any CPU
		{C97A556C-FAE7-4059-B050-4737311E1792}.Release|Any CPU.ActiveCfg = Release|Any CPU
		{C97A556C-FAE7-4059-B050-4737311E1792}.Release|Any CPU.Build.0 = Release|Any CPU
		{5D973B67-3443-4770-832E-C796D5F834FF}.Debug|Any CPU.ActiveCfg = Debug|Any CPU
		{5D973B67-3443-4770-832E-C796D5F834FF}.Debug|Any CPU.Build.0 = Debug|Any CPU
		{5D973B67-3443-4770-832E-C796D5F834FF}.Release|Any CPU.ActiveCfg = Release|Any CPU
		{5D973B67-3443-4770-832E-C796D5F834FF}.Release|Any CPU.Build.0 = Release|Any CPU
		{AFAA0A44-95D0-4D8C-A05A-654A5482C164}.Debug|Any CPU.ActiveCfg = Debug|Any CPU
		{AFAA0A44-95D0-4D8C-A05A-654A5482C164}.Debug|Any CPU.Build.0 = Debug|Any CPU
		{AFAA0A44-95D0-4D8C-A05A-654A5482C164}.Release|Any CPU.ActiveCfg = Release|Any CPU
		{AFAA0A44-95D0-4D8C-A05A-654A5482C164}.Release|Any CPU.Build.0 = Release|Any CPU
		{8B49F988-6BEA-41BD-835A-65584EA70B8B}.Debug|Any CPU.ActiveCfg = Debug|Any CPU
		{8B49F988-6BEA-41BD-835A-65584EA70B8B}.Debug|Any CPU.Build.0 = Debug|Any CPU
		{8B49F988-6BEA-41BD-835A-65584EA70B8B}.Release|Any CPU.ActiveCfg = Release|Any CPU
		{8B49F988-6BEA-41BD-835A-65584EA70B8B}.Release|Any CPU.Build.0 = Release|Any CPU
		{5B94B874-BA8E-4999-BEB8-E93071EA2DD3}.Debug|Any CPU.ActiveCfg = Debug|Any CPU
		{5B94B874-BA8E-4999-BEB8-E93071EA2DD3}.Debug|Any CPU.Build.0 = Debug|Any CPU
		{5B94B874-BA8E-4999-BEB8-E93071EA2DD3}.Release|Any CPU.ActiveCfg = Release|Any CPU
		{5B94B874-BA8E-4999-BEB8-E93071EA2DD3}.Release|Any CPU.Build.0 = Release|Any CPU
		{BE52B6D6-04EF-4549-94DF-DC102D038C26}.Debug|Any CPU.ActiveCfg = Debug|Any CPU
		{BE52B6D6-04EF-4549-94DF-DC102D038C26}.Debug|Any CPU.Build.0 = Debug|Any CPU
		{BE52B6D6-04EF-4549-94DF-DC102D038C26}.Release|Any CPU.ActiveCfg = Release|Any CPU
		{BE52B6D6-04EF-4549-94DF-DC102D038C26}.Release|Any CPU.Build.0 = Release|Any CPU
		{0CA33B20-869C-405F-92D8-6675B17445BD}.Debug|Any CPU.ActiveCfg = Debug|Any CPU
		{0CA33B20-869C-405F-92D8-6675B17445BD}.Debug|Any CPU.Build.0 = Debug|Any CPU
		{0CA33B20-869C-405F-92D8-6675B17445BD}.Release|Any CPU.ActiveCfg = Release|Any CPU
		{0CA33B20-869C-405F-92D8-6675B17445BD}.Release|Any CPU.Build.0 = Release|Any CPU
		{1EF133A2-CB8C-425B-9358-6BE3F2EEA09A}.Debug|Any CPU.ActiveCfg = Debug|Any CPU
		{1EF133A2-CB8C-425B-9358-6BE3F2EEA09A}.Debug|Any CPU.Build.0 = Debug|Any CPU
		{1EF133A2-CB8C-425B-9358-6BE3F2EEA09A}.Release|Any CPU.ActiveCfg = Release|Any CPU
		{1EF133A2-CB8C-425B-9358-6BE3F2EEA09A}.Release|Any CPU.Build.0 = Release|Any CPU
		{FF7A0079-01F9-4785-A402-A120DC42483C}.Debug|Any CPU.ActiveCfg = Debug|Any CPU
		{FF7A0079-01F9-4785-A402-A120DC42483C}.Debug|Any CPU.Build.0 = Debug|Any CPU
		{FF7A0079-01F9-4785-A402-A120DC42483C}.Release|Any CPU.ActiveCfg = Release|Any CPU
		{FF7A0079-01F9-4785-A402-A120DC42483C}.Release|Any CPU.Build.0 = Release|Any CPU
		{E12C9E51-A86A-478D-9BBA-5EF653875F24}.Debug|Any CPU.ActiveCfg = Debug|Any CPU
		{E12C9E51-A86A-478D-9BBA-5EF653875F24}.Debug|Any CPU.Build.0 = Debug|Any CPU
		{E12C9E51-A86A-478D-9BBA-5EF653875F24}.Release|Any CPU.ActiveCfg = Release|Any CPU
		{E12C9E51-A86A-478D-9BBA-5EF653875F24}.Release|Any CPU.Build.0 = Release|Any CPU
		{AF17BF5A-8848-4205-8D31-7FFF73744FC3}.Debug|Any CPU.ActiveCfg = Debug|Any CPU
		{AF17BF5A-8848-4205-8D31-7FFF73744FC3}.Debug|Any CPU.Build.0 = Debug|Any CPU
		{AF17BF5A-8848-4205-8D31-7FFF73744FC3}.Release|Any CPU.ActiveCfg = Release|Any CPU
		{AF17BF5A-8848-4205-8D31-7FFF73744FC3}.Release|Any CPU.Build.0 = Release|Any CPU
		{566F64A4-5C4A-4DB5-9938-9949D77CEF01}.Debug|Any CPU.ActiveCfg = Debug|Any CPU
		{566F64A4-5C4A-4DB5-9938-9949D77CEF01}.Debug|Any CPU.Build.0 = Debug|Any CPU
		{566F64A4-5C4A-4DB5-9938-9949D77CEF01}.Release|Any CPU.ActiveCfg = Release|Any CPU
		{566F64A4-5C4A-4DB5-9938-9949D77CEF01}.Release|Any CPU.Build.0 = Release|Any CPU
		{E1A4AA1C-22B6-4DE0-ACF2-27CA0E797688}.Debug|Any CPU.ActiveCfg = Debug|Any CPU
		{E1A4AA1C-22B6-4DE0-ACF2-27CA0E797688}.Debug|Any CPU.Build.0 = Debug|Any CPU
		{E1A4AA1C-22B6-4DE0-ACF2-27CA0E797688}.Release|Any CPU.ActiveCfg = Release|Any CPU
		{E1A4AA1C-22B6-4DE0-ACF2-27CA0E797688}.Release|Any CPU.Build.0 = Release|Any CPU
		{286A6B47-4FC1-4B14-A3FD-5299D3A952F2}.Debug|Any CPU.ActiveCfg = Debug|Any CPU
		{286A6B47-4FC1-4B14-A3FD-5299D3A952F2}.Debug|Any CPU.Build.0 = Debug|Any CPU
		{286A6B47-4FC1-4B14-A3FD-5299D3A952F2}.Release|Any CPU.ActiveCfg = Release|Any CPU
		{286A6B47-4FC1-4B14-A3FD-5299D3A952F2}.Release|Any CPU.Build.0 = Release|Any CPU
		{09D8696C-ABA2-4FF3-A9EE-16E80F29C22C}.Debug|Any CPU.ActiveCfg = Debug|Any CPU
		{09D8696C-ABA2-4FF3-A9EE-16E80F29C22C}.Debug|Any CPU.Build.0 = Debug|Any CPU
		{09D8696C-ABA2-4FF3-A9EE-16E80F29C22C}.Release|Any CPU.ActiveCfg = Release|Any CPU
		{09D8696C-ABA2-4FF3-A9EE-16E80F29C22C}.Release|Any CPU.Build.0 = Release|Any CPU
		{C1E6839B-78B5-4846-8C0E-2DCF306F1C30}.Debug|Any CPU.ActiveCfg = Debug|Any CPU
		{C1E6839B-78B5-4846-8C0E-2DCF306F1C30}.Debug|Any CPU.Build.0 = Debug|Any CPU
		{C1E6839B-78B5-4846-8C0E-2DCF306F1C30}.Release|Any CPU.ActiveCfg = Release|Any CPU
		{C1E6839B-78B5-4846-8C0E-2DCF306F1C30}.Release|Any CPU.Build.0 = Release|Any CPU
		{644D3772-3EFC-45E6-ABFF-612D1DE85A8B}.Debug|Any CPU.ActiveCfg = Debug|Any CPU
		{644D3772-3EFC-45E6-ABFF-612D1DE85A8B}.Debug|Any CPU.Build.0 = Debug|Any CPU
		{644D3772-3EFC-45E6-ABFF-612D1DE85A8B}.Release|Any CPU.ActiveCfg = Release|Any CPU
		{644D3772-3EFC-45E6-ABFF-612D1DE85A8B}.Release|Any CPU.Build.0 = Release|Any CPU
		{441AA1A5-EB3E-46D3-B365-B1E584E7B6DF}.Debug|Any CPU.ActiveCfg = Debug|Any CPU
		{441AA1A5-EB3E-46D3-B365-B1E584E7B6DF}.Debug|Any CPU.Build.0 = Debug|Any CPU
		{441AA1A5-EB3E-46D3-B365-B1E584E7B6DF}.Release|Any CPU.ActiveCfg = Release|Any CPU
		{441AA1A5-EB3E-46D3-B365-B1E584E7B6DF}.Release|Any CPU.Build.0 = Release|Any CPU
		{B949D504-FEE4-48C0-A3C9-96B6CA344C73}.Debug|Any CPU.ActiveCfg = Debug|Any CPU
		{B949D504-FEE4-48C0-A3C9-96B6CA344C73}.Debug|Any CPU.Build.0 = Debug|Any CPU
		{B949D504-FEE4-48C0-A3C9-96B6CA344C73}.Release|Any CPU.ActiveCfg = Release|Any CPU
		{B949D504-FEE4-48C0-A3C9-96B6CA344C73}.Release|Any CPU.Build.0 = Release|Any CPU
		{4B560D0F-56FD-4B66-9183-36EE63B6CEF9}.Debug|Any CPU.ActiveCfg = Debug|Any CPU
		{4B560D0F-56FD-4B66-9183-36EE63B6CEF9}.Debug|Any CPU.Build.0 = Debug|Any CPU
		{4B560D0F-56FD-4B66-9183-36EE63B6CEF9}.Release|Any CPU.ActiveCfg = Release|Any CPU
		{4B560D0F-56FD-4B66-9183-36EE63B6CEF9}.Release|Any CPU.Build.0 = Release|Any CPU
		{63479191-8E21-433E-A255-B9CE06D762E6}.Debug|Any CPU.ActiveCfg = Debug|Any CPU
		{63479191-8E21-433E-A255-B9CE06D762E6}.Debug|Any CPU.Build.0 = Debug|Any CPU
		{63479191-8E21-433E-A255-B9CE06D762E6}.Release|Any CPU.ActiveCfg = Release|Any CPU
		{63479191-8E21-433E-A255-B9CE06D762E6}.Release|Any CPU.Build.0 = Release|Any CPU
		{423A677A-E5B3-4AE6-9D05-CFEC08336DE7}.Debug|Any CPU.ActiveCfg = Debug|Any CPU
		{423A677A-E5B3-4AE6-9D05-CFEC08336DE7}.Debug|Any CPU.Build.0 = Debug|Any CPU
		{423A677A-E5B3-4AE6-9D05-CFEC08336DE7}.Release|Any CPU.ActiveCfg = Release|Any CPU
		{423A677A-E5B3-4AE6-9D05-CFEC08336DE7}.Release|Any CPU.Build.0 = Release|Any CPU
		{9AFAF050-EC48-4D91-BDB2-C51607B3BB5E}.Debug|Any CPU.ActiveCfg = Debug|Any CPU
		{9AFAF050-EC48-4D91-BDB2-C51607B3BB5E}.Debug|Any CPU.Build.0 = Debug|Any CPU
		{9AFAF050-EC48-4D91-BDB2-C51607B3BB5E}.Release|Any CPU.ActiveCfg = Release|Any CPU
		{9AFAF050-EC48-4D91-BDB2-C51607B3BB5E}.Release|Any CPU.Build.0 = Release|Any CPU
		{2342CADE-E3C0-4858-9114-BE69C92FCB34}.Debug|Any CPU.ActiveCfg = Debug|Any CPU
		{2342CADE-E3C0-4858-9114-BE69C92FCB34}.Debug|Any CPU.Build.0 = Debug|Any CPU
		{2342CADE-E3C0-4858-9114-BE69C92FCB34}.Release|Any CPU.ActiveCfg = Release|Any CPU
		{2342CADE-E3C0-4858-9114-BE69C92FCB34}.Release|Any CPU.Build.0 = Release|Any CPU
	EndGlobalSection
	GlobalSection(SolutionProperties) = preSolution
		HideSolutionNode = FALSE
	EndGlobalSection
	GlobalSection(NestedProjects) = preSolution
		{7D807F9C-2BBB-4D4A-8DC7-EA9574AEDD65} = {73C378D7-9262-46D8-A660-3E3499252A3D}
		{559D9BAB-BEBD-48B7-A883-A793C5C1BFDF} = {1A9232B8-0474-4558-A12F-BD4BA739B5B5}
		{AB444515-BA55-4326-9440-02391A192641} = {1A9232B8-0474-4558-A12F-BD4BA739B5B5}
		{6E51D72D-1AAE-4C36-BE19-C78B3A951B04} = {1A9232B8-0474-4558-A12F-BD4BA739B5B5}
		{E7DE6BF7-568B-4BD8-8A3F-2ECCD205E31E} = {73C378D7-9262-46D8-A660-3E3499252A3D}
		{6A655456-E8C5-424B-A1E9-220D2D6DB3EA} = {1A9232B8-0474-4558-A12F-BD4BA739B5B5}
		{CEC0C7DC-487F-4992-9FC3-423A6DD8D7CC} = {1A9232B8-0474-4558-A12F-BD4BA739B5B5}
		{C97A556C-FAE7-4059-B050-4737311E1792} = {73C378D7-9262-46D8-A660-3E3499252A3D}
		{5D973B67-3443-4770-832E-C796D5F834FF} = {D832B9AF-94C0-4A62-BBB2-46C43944986B}
		{AFAA0A44-95D0-4D8C-A05A-654A5482C164} = {D832B9AF-94C0-4A62-BBB2-46C43944986B}
		{8B49F988-6BEA-41BD-835A-65584EA70B8B} = {D832B9AF-94C0-4A62-BBB2-46C43944986B}
		{5B94B874-BA8E-4999-BEB8-E93071EA2DD3} = {D832B9AF-94C0-4A62-BBB2-46C43944986B}
		{BE52B6D6-04EF-4549-94DF-DC102D038C26} = {D832B9AF-94C0-4A62-BBB2-46C43944986B}
		{0CA33B20-869C-405F-92D8-6675B17445BD} = {D832B9AF-94C0-4A62-BBB2-46C43944986B}
		{1EF133A2-CB8C-425B-9358-6BE3F2EEA09A} = {1A9232B8-0474-4558-A12F-BD4BA739B5B5}
		{FF7A0079-01F9-4785-A402-A120DC42483C} = {73C378D7-9262-46D8-A660-3E3499252A3D}
		{E12C9E51-A86A-478D-9BBA-5EF653875F24} = {785DA472-B697-46AB-BF31-795635AD824C}
		{AF17BF5A-8848-4205-8D31-7FFF73744FC3} = {785DA472-B697-46AB-BF31-795635AD824C}
		{566F64A4-5C4A-4DB5-9938-9949D77CEF01} = {785DA472-B697-46AB-BF31-795635AD824C}
		{E1A4AA1C-22B6-4DE0-ACF2-27CA0E797688} = {785DA472-B697-46AB-BF31-795635AD824C}
		{286A6B47-4FC1-4B14-A3FD-5299D3A952F2} = {785DA472-B697-46AB-BF31-795635AD824C}
		{09D8696C-ABA2-4FF3-A9EE-16E80F29C22C} = {785DA472-B697-46AB-BF31-795635AD824C}
		{C1E6839B-78B5-4846-8C0E-2DCF306F1C30} = {73C378D7-9262-46D8-A660-3E3499252A3D}
		{644D3772-3EFC-45E6-ABFF-612D1DE85A8B} = {785DA472-B697-46AB-BF31-795635AD824C}
		{441AA1A5-EB3E-46D3-B365-B1E584E7B6DF} = {D832B9AF-94C0-4A62-BBB2-46C43944986B}
		{B949D504-FEE4-48C0-A3C9-96B6CA344C73} = {F857FFC9-E442-4B02-A93C-183A0856B3A8}
		{4B560D0F-56FD-4B66-9183-36EE63B6CEF9} = {F857FFC9-E442-4B02-A93C-183A0856B3A8}
		{63479191-8E21-433E-A255-B9CE06D762E6} = {F857FFC9-E442-4B02-A93C-183A0856B3A8}
		{423A677A-E5B3-4AE6-9D05-CFEC08336DE7} = {7503A476-1F3F-4813-BCD2-8C4340677476}
		{9AFAF050-EC48-4D91-BDB2-C51607B3BB5E} = {7503A476-1F3F-4813-BCD2-8C4340677476}
		{2342CADE-E3C0-4858-9114-BE69C92FCB34} = {D832B9AF-94C0-4A62-BBB2-46C43944986B}
	EndGlobalSection
EndGlobal
