
Microsoft Visual Studio Solution File, Format Version 12.00
# Visual Studio Version 18
VisualStudioVersion = 18.4.11519.219
MinimumVisualStudioVersion = 10.0.40219.1
Project("{FAE04EC0-301F-11D3-BF4B-00C04F79EFBC}") = "BackendMedia", "BackendMedia\BackendMedia.csproj", "{317BC18B-816C-474C-8860-19D4748DEFAF}"
EndProject
Project("{FAE04EC0-301F-11D3-BF4B-00C04F79EFBC}") = "DL", "MediaContext.DL\DL.csproj", "{AB4716A5-279E-42EA-B595-0CEB29FE6897}"
EndProject
Project("{FAE04EC0-301F-11D3-BF4B-00C04F79EFBC}") = "BL.IntegrationEventConsumers", "BL.IntegrationEventConsumers\BL.IntegrationEventConsumers.csproj", "{AF5896A4-39B4-4770-869C-35BFE7C62055}"
EndProject
Project("{FAE04EC0-301F-11D3-BF4B-00C04F79EFBC}") = "BookContext.Integration", "..\backend\BookContext.Integration\BookContext.Integration.csproj", "{EB0AD812-C8EA-332D-010F-F7E5A8791BEC}"
EndProject
Project("{FAE04EC0-301F-11D3-BF4B-00C04F79EFBC}") = "IdentityContext.Integration", "..\backend\IdentityContext.Integration\IdentityContext.Integration.csproj", "{FFDECCC9-BBD6-B5FB-1F52-E8FDD14035D0}"
EndProject
Global
	GlobalSection(SolutionConfigurationPlatforms) = preSolution
		Debug|Any CPU = Debug|Any CPU
		Release|Any CPU = Release|Any CPU
	EndGlobalSection
	GlobalSection(ProjectConfigurationPlatforms) = postSolution
		{317BC18B-816C-474C-8860-19D4748DEFAF}.Debug|Any CPU.ActiveCfg = Debug|Any CPU
		{317BC18B-816C-474C-8860-19D4748DEFAF}.Debug|Any CPU.Build.0 = Debug|Any CPU
		{317BC18B-816C-474C-8860-19D4748DEFAF}.Release|Any CPU.ActiveCfg = Release|Any CPU
		{317BC18B-816C-474C-8860-19D4748DEFAF}.Release|Any CPU.Build.0 = Release|Any CPU
		{AB4716A5-279E-42EA-B595-0CEB29FE6897}.Debug|Any CPU.ActiveCfg = Debug|Any CPU
		{AB4716A5-279E-42EA-B595-0CEB29FE6897}.Debug|Any CPU.Build.0 = Debug|Any CPU
		{AB4716A5-279E-42EA-B595-0CEB29FE6897}.Release|Any CPU.ActiveCfg = Release|Any CPU
		{AB4716A5-279E-42EA-B595-0CEB29FE6897}.Release|Any CPU.Build.0 = Release|Any CPU
		{AF5896A4-39B4-4770-869C-35BFE7C62055}.Debug|Any CPU.ActiveCfg = Debug|Any CPU
		{AF5896A4-39B4-4770-869C-35BFE7C62055}.Debug|Any CPU.Build.0 = Debug|Any CPU
		{AF5896A4-39B4-4770-869C-35BFE7C62055}.Release|Any CPU.ActiveCfg = Release|Any CPU
		{AF5896A4-39B4-4770-869C-35BFE7C62055}.Release|Any CPU.Build.0 = Release|Any CPU
		{EB0AD812-C8EA-332D-010F-F7E5A8791BEC}.Debug|Any CPU.ActiveCfg = Debug|Any CPU
		{EB0AD812-C8EA-332D-010F-F7E5A8791BEC}.Debug|Any CPU.Build.0 = Debug|Any CPU
		{EB0AD812-C8EA-332D-010F-F7E5A8791BEC}.Release|Any CPU.ActiveCfg = Release|Any CPU
		{EB0AD812-C8EA-332D-010F-F7E5A8791BEC}.Release|Any CPU.Build.0 = Release|Any CPU
		{FFDECCC9-BBD6-B5FB-1F52-E8FDD14035D0}.Debug|Any CPU.ActiveCfg = Debug|Any CPU
		{FFDECCC9-BBD6-B5FB-1F52-E8FDD14035D0}.Debug|Any CPU.Build.0 = Debug|Any CPU
		{FFDECCC9-BBD6-B5FB-1F52-E8FDD14035D0}.Release|Any CPU.ActiveCfg = Release|Any CPU
		{FFDECCC9-BBD6-B5FB-1F52-E8FDD14035D0}.Release|Any CPU.Build.0 = Release|Any CPU
	EndGlobalSection
	GlobalSection(SolutionProperties) = preSolution
		HideSolutionNode = FALSE
	EndGlobalSection
	GlobalSection(ExtensibilityGlobals) = postSolution
		SolutionGuid = {4DBD7C62-F589-48D7-B756-76C7E8B328FE}
	EndGlobalSection
EndGlobal
